github.com/DataDog/sketches-go v1.4.6 h1:acd5fb+QdUzGrosfNLwrIhqyrbMORpvBy7mE+vHlT3I=
github.com/DataDog/sketches-go v1.4.6/go.mod h1:7Y8GN8Jf66DLyDhc94zuWA3uHEt/7ttt8jHOBWWrSOg=
github.com/OneOfOne/xxhash v1.2.2/go.mod h1:HSdplMjZKSmBqAxg5vPj2TmRDmfkzw+cTzAElWljhcU=
github.com/OneOfOne/xxhash v1.2.8 h1:31czK/TI9sNkxIKfaUfGlU47BAxQ0ztGgd9vPyqimf8=
github.com/OneOfOne/xxhash v1.2.8/go.mod h1:eZbhyaAYD41SGSSsnmcpxVoRiQ/MPUTjUdIIOT9Um7Q=
github.com/RoaringBitmap/roaring/v2 v2.3.5 h1:aG2AxDgEc2gtLZACft3PmvpEi98thqyNGkMZEeuqDSE=
github.com/RoaringBitmap/roaring/v2 v2.3.5/go.mod h1:qhgqItwt5rQY0Nj4zw9nMhXv4Pkq2D8dA8RPJAfyU08=
github.com/VictoriaMetrics/easyproto v0.1.4 h1:r8cNvo8o6sR4QShBXQd1bKw/VVLSQma/V2KhTBPf+Sc=
github.com/VictoriaMetrics/easyproto v0.1.4/go.mod h1:QlGlzaJnDfFd8Lk6Ci/fuLxfTo3/GThPs2KH23mv710=
github.com/VictoriaMetrics/fastcache v1.12.2 h1:N0y9ASrJ0F6h0QaC3o6uJb3NIZ9VKLjCM7NQbSmF7WI=
github.com/VictoriaMetrics/fastcache v1.12.2/go.mod h1:AmC+Nzz1+3G2eCPapF6UcsnkThDcMsQicp4xDukwJYI=
github.com/VictoriaMetrics/metrics v1.34.0/go.mod h1:r7hveu6xMdUACXvB8TYdAj8WEsKzWB0EkpJN+RDtOf8=
github.com/VictoriaMetrics/metrics v1.35.1 h1:o84wtBKQbzLdDy14XeskkCZih6anG+veZ1SwJHFGwrU=
github.com/VictoriaMetrics/metrics v1.35.1/go.mod h1:r7hveu6xMdUACXvB8TYdAj8WEsKzWB0EkpJN+RDtOf8=
github.com/allegro/bigcache v1.2.1-0.20190218064605-e24eb225f156 h1:eMwmnE/GDgah4HI848JfFxHt+iPb26b4zyfspmqY0/8=
github.com/allegro/bigcache v1.2.1-0.20190218064605-e24eb225f156/go.mod h1:Cb/ax3seSYIx7SuZdm2G2xzfwmv3TPSk2ucNfQESPXM=
github.com/bits-and-blooms/bitset v1.12.0/go.mod h1:7hO7Gc7Pp1vODcmWvKMRA9BNmbv6a/7QIWpPxHddWR8=
github.com/bits-and-blooms/bitset v1.14.3 h1:Gd2c8lSNf9pKXom5JtD7AaKO8o7fGQ2LtFj1436qilA=
github.com/bits-and-blooms/bitset v1.14.3/go.mod h1:7hO7Gc7Pp1vODcmWvKMRA9BNmbv6a/7QIWpPxHddWR8=
github.com/cespare/xxhash v1.1.0 h1:a6HrQnmkObjyL+Gs60czilIUGqrzKutQD6XZog3p+ko=
github.com/cespare/xxhash v1.1.0/go.mod h1:XrSqR1VqqWfGrhpAt58auRo0WTKS1nRRg3ghfAqPWnc=
github.com/cespare/xxhash/v2 v2.2.0/go.mod h1:VGX0DQ3Q6kWi7AoAeZDth3/j3BFtOZR5XLFGgcrjCOs=
github.com/cespare/xxhash/v2 v2.3.0 h1:UL815xU9SqsFlibzuggzjXhog7bL6oX9BbNZnL2UFvs=
github.com/cespare/xxhash/v2 v2.3.0/go.mod h1:VGX0DQ3Q6kWi7AoAeZDth3/j3BFtOZR5XLFGgcrjCOs=
github.com/davecgh/go-spew v1.1.0/go.mod h1:J7Y8YcW2NihsgmVo/mv3lAwl/skON4iLHjSsI+c5H38=
github.com/davecgh/go-spew v1.1.1/go.mod h1:J7Y8YcW2NihsgmVo/mv3lAwl/skON4iLHjSsI+c5H38=
github.com/davecgh/go-spew v1.1.2-0.20180830191138-d8f796af33cc h1:U9qPSI2PIWSS1VwoXQT9A3Wy9MM3WgvqSxFWenqJduM=
github.com/davecgh/go-spew v1.1.2-0.20180830191138-d8f796af33cc/go.mod h1:J7Y8YcW2NihsgmVo/mv3lAwl/skON4iLHjSsI+c5H38=
github.com/froot-netsys/promsketch v0.0.3 h1:9NuYq52sDz9xxtTiVrsH5mCnSRIdCsyarTpZP4j/O4k=
github.com/froot-netsys/promsketch v0.0.3/go.mod h1:UlDEwHu1qyGeXGccTr/wp58XPDP28EaJw+oaeJHVUxc=
github.com/go-logr/logr v1.2.2/go.mod h1:jdQByPbusPIv2/zmleS9BjJVeZ6kBagPoEUsqbVz/1A=
github.com/go-logr/logr v1.4.3 h1:CjnDlHq8ikf6E492q6eKboGOC0T8CDaOvkHCIg8idEI=
github.com/go-logr/logr v1.4.3/go.mod h1:9T104GzyrTigFIr8wt5mBrctHMim0Nb2HLGrmQ40KvY=
github.com/go-logr/stdr v1.2.2 h1:hSWxHoqTgW2S2qGc0LTAI563KZ5YKYRhT3MFKZMbjag=
github.com/go-logr/stdr v1.2.2/go.mod h1:mMo/vtBO5dYbehREoey6XUKy/eSumjCCveDpRre4VKE=
github.com/go-ole/go-ole v1.2.6 h1:/Fpf6oFPoeFik9ty7siob0G6Ke8QvQEuVcuChpwXzpY=
github.com/go-ole/go-ole v1.2.6/go.mod h1:pprOEPIfldk/42T2oK7lQ4v4JSDwmV0As9GaiUsvbm0=
github.com/golang/snappy v0.0.4 h1:yAGX7huGHXlcLOEtBnF4w7FQwA26wojNCwOYAEhLjQM=
github.com/golang/snappy v0.0.4/go.mod h1:/XxbfmMg8lxefKM7IXC3fBNl/7bRcc72aCRzEWrmP2Q=
github.com/google/go-cmp v0.7.0 h1:wk8382ETsv4JYUZwIsn6YpYiWiBsYLSJiTsyBybVuN8=
github.com/google/go-cmp v0.7.0/go.mod h1:pXiqmnSA92OHEEa9HXL2W4E7lf9JzCmGVUdgjX3N/iU=
github.com/google/gofuzz v1.0.0/go.mod h1:dBl0BpW6vV/+mYPU4Po3pmUjxk6FQPldtuIdl/M65Eg=
github.com/google/gofuzz v1.2.0 h1:xRy4A+RhZaiKjJ1bPfwQ8sedCA+YS2YcCHW6ec7JMi0=
github.com/google/gofuzz v1.2.0/go.mod h1:dBl0BpW6vV/+mYPU4Po3pmUjxk6FQPldtuIdl/M65Eg=
github.com/google/gopacket v1.1.19 h1:ves8RnFZPGiFnTS0uPQStjwru6uO6h+nlr9j6fL7kF8=
github.com/google/gopacket v1.1.19/go.mod h1:iJ8V8n6KS+z2U1A8pUwu8bW5SyEMkXJB8Yo/Vo+TKTo=
github.com/google/uuid v1.6.0 h1:NIvaJDMOsjHA8n1jAhLSgzrAzy1Hgr+hNrb57e+94F0=
github.com/google/uuid v1.6.0/go.mod h1:TIyPZe4MgqvfeYDBFedMoGGpEw/LqOeaOT+nhxU+yHo=
github.com/grafana/regexp v0.0.0-20240518133315-a468a5bfb3bc h1:GN2Lv3MGO7AS6PrRoT6yV5+wkrOpcszoIsO4+4ds248=
github.com/grafana/regexp v0.0.0-20240518133315-a468a5bfb3bc/go.mod h1:+JKpmjMGhpgPL+rXZ5nsZieVzvarn86asRlBg4uNGnk=
github.com/hashicorp/go-version v1.7.0 h1:5tqGy27NaOTB8yJKUZELlFAS/LTKJkrmONwQKeRZfjY=
github.com/hashicorp/go-version v1.7.0/go.mod h1:fltr4n8CU8Ke44wwGCBoEymUuxUHl09ZGVZPK5anwXA=
github.com/json-iterator/go v1.1.12 h1:PV8peI4a0ysnczrg+LtxykD8LfKY9ML6u2jnxaEnrnM=
github.com/json-iterator/go v1.1.12/go.mod h1:e30LSqwooZae/UwlEbR2852Gd8hjQvJoHmT4TnhNGBo=
github.com/klauspost/compress v1.17.11 h1:In6xLpyWOi1+C7tXUUWv2ot1QvBjxevKAaI6IXrJmUc=
github.com/klauspost/compress v1.17.11/go.mod h1:pMDklpSncoRMuLFrf1W9Ss9KT+0rH90U12bZKk7uwG0=
github.com/kr/pretty v0.3.1 h1:flRD4NNwYAUpkphVc1HcthR4KEIFJ65n8Mw5qdRn3LE=
github.com/kr/pretty v0.3.1/go.mod h1:hoEshYVHaxMs3cyo3Yncou5ZscifuDolrwPKZanG3xk=
github.com/kr/text v0.2.0 h1:5Nx0Ya0ZqY2ygV366QzturHI13Jq95ApcVaJBhpS+AY=
github.com/kr/text v0.2.0/go.mod h1:eLer722TekiGuMkidMxC/pM04lWEeraHUUmBw8l2grE=
github.com/lufia/plan9stats v0.0.0-20211012122336-39d0f177ccd0 h1:6E+4a0GO5zZEnZ81pIr0yLvtUWk2if982qA3F3QD6H4=
github.com/lufia/plan9stats v0.0.0-20211012122336-39d0f177ccd0/go.mod h1:zJYVVT2jmtg6P3p1VtQj7WsuWi/y4VnjVBn7F8KPB3I=
github.com/modern-go/concurrent v0.0.0-20180228061459-e0a39a4cb421/go.mod h1:6dJC0mAP4ikYIbvyc7fijjWJddQyLn8Ig3JB5CqoB9Q=
github.com/modern-go/concurrent v0.0.0-20180306012644-bacd9c7ef1dd h1:TRLaZ9cD/w8PVh93nsPXa1VrQ6jlwL5oN8l14QlcNfg=
github.com/modern-go/concurrent v0.0.0-20180306012644-bacd9c7ef1dd/go.mod h1:6dJC0mAP4ikYIbvyc7fijjWJddQyLn8Ig3JB5CqoB9Q=
github.com/modern-go/reflect2 v1.0.2/go.mod h1:yWuevngMOJpCy52FWWMvUC8ws7m/LJsjYzDa0/r8luk=
github.com/modern-go/reflect2 v1.0.3-0.20250322232337-35a7c28c31ee h1:W5t00kpgFdJifH4BDsTlE89Zl93FEloxaWZfGcifgq8=
github.com/modern-go/reflect2 v1.0.3-0.20250322232337-35a7c28c31ee/go.mod h1:yWuevngMOJpCy52FWWMvUC8ws7m/LJsjYzDa0/r8luk=
github.com/mschoch/smat v0.2.0 h1:8imxQsjDm8yFEAVBe7azKmKSgzSkZXDuKkSq9374khM=
github.com/mschoch/smat v0.2.0/go.mod h1:kc9mz7DoBKqDyiRL7VZN8KvXQMWeTaVnttLRXOlotKw=
github.com/pmezard/go-difflib v1.0.0/go.mod h1:iKH77koFhYxTK1pcRnkKkqfTogsbg7gZNVY4sRDYZ/4=
github.com/pmezard/go-difflib v1.0.1-0.20181226105442-5d4384ee4fb2 h1:Jamvg5psRIccs7FGNTlIRMkT8wgtp5eCXdBlqhYGL6U=
github.com/pmezard/go-difflib v1.0.1-0.20181226105442-5d4384ee4fb2/go.mod h1:iKH77koFhYxTK1pcRnkKkqfTogsbg7gZNVY4sRDYZ/4=
github.com/power-devops/perfstat v0.0.0-20210106213030-5aafc221ea8c h1:ncq/mPwQF4JjgDlrVEn3C11VoGHZN7m8qihwgMEtzYw=
github.com/power-devops/perfstat v0.0.0-20210106213030-5aafc221ea8c/go.mod h1:OmDBASR4679mdNQnz2pUhc2G8CO2JrUAVFDRBDP/hJE=
github.com/praserx/ipconv v1.2.2 h1:oz4XXNjywgoJRAnSymUET03OwSLL7JDVjQQEtl08XV8=
github.com/praserx/ipconv v1.2.2/go.mod h1:DSy+AKre/e3w/npsmUDMio+OR/a2rvmMdI7rerOIgqI=
github.com/prometheus/client_model v0.6.1 h1:ZKSh/rekM+n3CeS952MLRAdFwIKqeY8b62p8ais2e9E=
github.com/prometheus/client_model v0.6.1/go.mod h1:OrxVMOVHjw3lKMa8+x6HeMGkHMQyHDk9E3jmP2AmGiY=
github.com/prometheus/common v0.59.1 h1:LXb1quJHWm1P6wq/U824uxYi4Sg0oGvNeUm1z5dJoX0=
github.com/prometheus/common v0.59.1/go.mod h1:GpWM7dewqmVYcd7SmRaiWVe9SSqjf0UrwnYnpEZNuT0=
github.com/rogpeppe/go-internal v1.13.1 h1:KvO1DLK/DRN07sQ1LQKScxyZJuNnedQ5/wKSR38lUII=
github.com/rogpeppe/go-internal v1.13.1/go.mod h1:uMEvuHeurkdAXX61udpOXGD/AzZDWNMNyH2VO9fmH0o=
github.com/shirou/gopsutil/v3 v3.24.5 h1:i0t8kL+kQTvpAYToeuiVk3TgDeKOFioZO3Ztz/iZ9pI=
github.com/shirou/gopsutil/v3 v3.24.5/go.mod h1:bsoOS1aStSs9ErQ1WWfxllSeS1K5D+U30r2NfcubMVk=
github.com/spaolacci/murmur3 v0.0.0-20180118202830-f09979ecbc72/go.mod h1:JwIasOWyU6f++ZhiEuf87xNszmSA2myDM2Kzu9HwQUA=
github.com/spaolacci/murmur3 v1.1.0 h1:7c1g84S4BPRrfL5Xrdp6fOJ206sU9y293DDHaoy0bLI=
github.com/spaolacci/murmur3 v1.1.0/go.mod h1:JwIasOWyU6f++ZhiEuf87xNszmSA2myDM2Kzu9HwQUA=
github.com/stretchr/objx v0.1.0/go.mod h1:HFkY916IF+rwdDfMAkV7OtwuqBVzrE8GR6GFx+wExME=
github.com/stretchr/testify v1.3.0/go.mod h1:M5WIy9Dh21IEIfnGCwXGc5bZfKNJtfHm1UVUgZn+9EI=
github.com/stretchr/testify v1.7.0/go.mod h1:6Fq8oRcR53rry900zMqJjRRixrwX3KX962/h/Wwjteg=
github.com/stretchr/testify v1.11.1 h1:7s2iGBzp5EwR7/aIZr8ao5+dra3wiQyKjjFuvgVKu7U=
github.com/stretchr/testify v1.11.1/go.mod h1:wZwfW3scLgRK+23gO65QZefKpKQRnfz6sD981Nm4B6U=
github.com/tklauser/go-sysconf v0.3.12 h1:0QaGUFOdQaIVdPgfITYzaTegZvdCjmYO52cSFAEVmqU=
github.com/tklauser/go-sysconf v0.3.12/go.mod h1:Ho14jnntGE1fpdOqQEEaiKRpvIavV0hSfmBq8nJbHYI=
github.com/tklauser/numcpus v0.6.1 h1:ng9scYS7az0Bk4OZLvrNXNSAO2Pxr1XXRAPyjhIx+Fk=
github.com/tklauser/numcpus v0.6.1/go.mod h1:1XfjsgE2zo8GVw7POkMbHENHzVg3GzmoZ9fESEdAacY=
github.com/valyala/bytebufferpool v1.0.0 h1:GqA5TC/0021Y/b9FG4Oi9Mr3q7XYx6KllzawFIhcdPw=
github.com/valyala/bytebufferpool v1.0.0/go.mod h1:6bBcMArwyJ5K/AmCkWv1jt77kVWyCJ6HpOuEn7z0Csc=
github.com/valyala/fastjson v1.6.4 h1:uAUNq9Z6ymTgGhcm0UynUAB6tlbakBrz6CQFax3BXVQ=
github.com/valyala/fastjson v1.6.4/go.mod h1:CLCAqky6SMuOcxStkYQvblddUtoRxhYMGLrsQns1aXY=
github.com/valyala/fastrand v1.1.0 h1:f+5HkLW4rsgzdNoleUOB69hyT9IlD2ZQh9GyDMfb5G8=
github.com/valyala/fastrand v1.1.0/go.mod h1:HWqCzkrkg6QXT8V2EXWvXCoow7vLwOFN002oeRzjapQ=
github.com/valyala/gozstd v1.21.2 h1:SBZ6sYA9y+u32XSds1TwOJJatcqmA3TgfLwGtV78Fcw=
github.com/valyala/gozstd v1.21.2/go.mod h1:y5Ew47GLlP37EkTB+B4s7r6A5rdaeB7ftbl9zoYiIPQ=
github.com/valyala/histogram v1.2.0 h1:wyYGAZZt3CpwUiIb9AU/Zbllg1llXyrtApRS815OLoQ=
github.com/valyala/histogram v1.2.0/go.mod h1:Hb4kBwb4UxsaNbbbh+RRz8ZR6pdodR57tzWUS3BUzXY=
github.com/valyala/quicktemplate v1.8.0 h1:zU0tjbIqTRgKQzFY1L42zq0qR3eh4WoQQdIdqCysW5k=
github.com/valyala/quicktemplate v1.8.0/go.mod h1:qIqW8/igXt8fdrUln5kOSb+KWMaJ4Y8QUsfd1k6L2jM=
github.com/yusufpapurcu/wmi v1.2.4 h1:zFUKzehAFReQwLys1b/iSMl+JQGSCSjtVqQn9bBrPo0=
github.com/yusufpapurcu/wmi v1.2.4/go.mod h1:SBZ9tNy3G9/m5Oi98Zks0QjeHVDvuK0qfxQmPyzfmi0=
github.com/zzylol/VictoriaMetrics v0.0.1 h1:5VaC22zqFltlbSCTuupXL4cgUPSeIZvOt4mfz03Xqe0=
github.com/zzylol/VictoriaMetrics v0.0.1/go.mod h1:f8x79cK/qeOQMGZJuvgrM2aTUbsM/pj46HDmwi797xg=
github.com/zzylol/go-kll v0.0.1 h1:54O2mqW41PG7OgkgZL88x+YiqBE4g5FtW4iVEdENgXM=
github.com/zzylol/go-kll v0.0.1/go.mod h1:yBYzN7orOcqHVW7NcjYS/K90f4bOuXr4OkhsadygrnM=
github.com/zzylol/metricsql v0.1.1 h1:Wk/7O7gdjF7b1LTCT81Rd6Gcx/e3lTSB7n1zttR8V1o=
github.com/zzylol/metricsql v0.1.1/go.mod h1:lQFUrqsayuRxjK812eEyf6sNyrfRImTmBHtPrAWySu8=
github.com/zzylol/prometheus-sketches v0.0.0-20240930201432-bcde765c4f02 h1:NgPzXSFzw2uikDqAgMiAArVMPvhBPO6ZGqUqXzqZnLo=
github.com/zzylol/prometheus-sketches v0.0.0-20240930201432-bcde765c4f02/go.mod h1:YuGgKUrT5v0eW4QOcPeZIBG38LSC8NqTMKwZRLnoSUc=
go.opentelemetry.io/auto/sdk v1.1.0 h1:cH53jehLUN6UFLY71z+NDOiNJqDdPRaXzTel0sJySYA=
go.opentelemetry.io/auto/sdk v1.1.0/go.mod h1:3wSPjt5PWp2RhlCcmmOial7AvC4DQqZb7a7wCow3W8A=
go.opentelemetry.io/collector/component v1.47.0 h1:wXvcjNhpWUU4OJph7KyxENkbfnGrfDURa+L/rvPTHyo=
go.opentelemetry.io/collector/component v1.47.0/go.mod h1:Hz9fcIbc7tOA4hIjvW5bb1rJJc2TH0gtQEvDBaZLUUA=
go.opentelemetry.io/collector/component/componentstatus v0.141.0 h1:WoMJdv2ofwHJDXzMP6DvYPqREaqOcGw+gkXG7S+PJvc=
go.opentelemetry.io/collector/component/componentstatus v0.141.0/go.mod h1:upr5QxmYLEZ7PKMCZHImQcp3xNM4VXtZnAKuhhHopg4=
go.opentelemetry.io/collector/component/componenttest v0.141.0 h1:dYdFbm52+e2DwrJ0bEoo7qVOPDuFXl9E/FfaqViIfPU=
go.opentelemetry.io/collector/component/componenttest v0.141.0/go.mod h1:EI7SUBy8Grxso69j2KYf3BYv8rkJjFgxlmWf5ElcWdk=
go.opentelemetry.io/collector/consumer v1.47.0 h1:eriMvNAsityaea361luVfNe8wp6QKWJQoU4d4i3tyOA=
go.opentelemetry.io/collector/consumer v1.47.0/go.mod h1:wBsF8koieun0CK4laZLN2MvGKNqad8gwQa+1jXWWn5k=
go.opentelemetry.io/collector/consumer/consumertest v0.141.0 h1:Q5X7rOI8I5xj35Q1NQiwGJsJ4OZx1n7szw3MbOfNgiM=
go.opentelemetry.io/collector/consumer/consumertest v0.141.0/go.mod h1:yjSSOFx0oBjH2fouw0TTN/U82hYyJPq35ClIZrpz60g=
go.opentelemetry.io/collector/consumer/xconsumer v0.141.0 h1:qR9H8tWo6NtPBDBv3fz8J8QBkqbnaU8vwUvtIO3QeZo=
go.opentelemetry.io/collector/consumer/xconsumer v0.141.0/go.mod h1:Ud55EhQ0cgqDTtnvHQNjtktLGMeefOzF6SFk0bLheOc=
go.opentelemetry.io/collector/featuregate v1.47.0 h1:LuJnDngViDzPKds5QOGxVYNL1QCCVWN/m61lHTV8Pf4=
go.opentelemetry.io/collector/featuregate v1.47.0/go.mod h1:d0tiRzVYrytB6LkcYgz2ESFTv7OktRPQe0QEQcPt1L4=
go.opentelemetry.io/collector/internal/testutil v0.141.0 h1:/rUGApojPtUPMN3rFfApNgEjAt03rCGt2qxNxGGs/4A=
go.opentelemetry.io/collector/internal/testutil v0.141.0/go.mod h1:YAD9EAkwh/l5asZNbEBEUCqEjoL1OKMjAMoPjPqH76c=
go.opentelemetry.io/collector/pdata v1.47.0 h1:4Mk0mo2RlKCUPomV8ISm+Yx/STFtuSn88yjiCePHkGA=
go.opentelemetry.io/collector/pdata v1.47.0/go.mod h1:yMdjdWZBNA8wLFCQXOCLb0RfcpZOxp7exH+bN7udWO0=
go.opentelemetry.io/collector/pdata/pprofile v0.141.0 h1:15lbbHKzPIG4aVT6hsJO7XZLvMrGll+i36es/FEgn7c=
go.opentelemetry.io/collector/pdata/pprofile v0.141.0/go.mod h1:gUtWKniP3O0jXYVDISp1y3dCbYFIyglFw6B8ATyrrWs=
go.opentelemetry.io/collector/pdata/testdata v0.141.0 h1:AfjNbZ/DUSr0aiP4H+z7pqrzTuBQFaT6oca0zaJ3gCA=
go.opentelemetry.io/collector/pdata/testdata v0.141.0/go.mod h1:/KX316ZF30G4eUQadM+SPUqCCPoiAkhMxcvAu4uM72I=
go.opentelemetry.io/collector/pipeline v1.47.0 h1:Ql2cfIopfo/e0Y6r/Fw3mNorKYi8MAoA7zgouzAN8eI=
go.opentelemetry.io/collector/pipeline v1.47.0/go.mod h1:xUrAqiebzYbrgxyoXSkk6/Y3oi5Sy3im2iCA51LwUAI=
go.opentelemetry.io/collector/processor v1.47.0 h1:WA4AP+w+ohFItWx0eG5iGEvLCE70Le5wC2Uw7YVN1Vg=
go.opentelemetry.io/collector/processor v1.47.0/go.mod h1:XaC3o+kNM5wq7ET+FJt+9hTnqqICmruylBpVerb+TZo=
go.opentelemetry.io/collector/processor/processorhelper v0.141.0 h1:4NCArw4JJsJ8YNtbcJXYNOczQ9gon+m1yGV5VPh8Lwk=
go.opentelemetry.io/collector/processor/processorhelper v0.141.0/go.mod h1:idjJbBjKlBmXnhWwiqKG8AYBJmdowNn82F36OhBcMwg=
go.opentelemetry.io/collector/processor/processortest v0.141.0 h1:HY/o+CkKTU2Db96TfugwfMKkRFcaJb2vxPUHluS5/F8=
go.opentelemetry.io/collector/processor/processortest v0.141.0/go.mod h1:n0QKOTH2m2vVbDGdIHvDmIEHU02LOQtuCzzN4BJgK5U=
go.opentelemetry.io/collector/processor/xprocessor v0.141.0 h1:rlvqx4aW7dgrYqWrNTkq1+IDiWOKdX/DDZPxk1DQMVw=
go.opentelemetry.io/collector/processor/xprocessor v0.141.0/go.mod h1:jSSsP1pFgkxN4MvVsyZA1MI5DKhN+kg9Y27Ev0lEwqs=
go.opentelemetry.io/otel v1.38.0 h1:RkfdswUDRimDg0m2Az18RKOsnI8UDzppJAtj01/Ymk8=
go.opentelemetry.io/otel v1.38.0/go.mod h1:zcmtmQ1+YmQM9wrNsTGV/q/uyusom3P8RxwExxkZhjM=
go.opentelemetry.io/otel/metric v1.38.0 h1:Kl6lzIYGAh5M159u9NgiRkmoMKjvbsKtYRwgfrA6WpA=
go.opentelemetry.io/otel/metric v1.38.0/go.mod h1:kB5n/QoRM8YwmUahxvI3bO34eVtQf2i4utNVLr9gEmI=
go.opentelemetry.io/otel/sdk v1.38.0 h1:l48sr5YbNf2hpCUj/FoGhW9yDkl+Ma+LrVl8qaM5b+E=
go.opentelemetry.io/otel/sdk v1.38.0/go.mod h1:ghmNdGlVemJI3+ZB5iDEuk4bWA3GkTpW+DOoZMYBVVg=
go.opentelemetry.io/otel/sdk/metric v1.38.0 h1:aSH66iL0aZqo//xXzQLYozmWrXxyFkBJ6qT5wthqPoM=
go.opentelemetry.io/otel/sdk/metric v1.38.0/go.mod h1:dg9PBnW9XdQ1Hd6ZnRz689CbtrUp0wMMs9iPcgT9EZA=
go.opentelemetry.io/otel/trace v1.38.0 h1:Fxk5bKrDZJUH+AMyyIXGcFAPah0oRcT+LuNtJrmcNLE=
go.opentelemetry.io/otel/trace v1.38.0/go.mod h1:j1P9ivuFsTceSWe1oY+EeW3sc+Pp42sO++GHkg4wwhs=
go.opentelemetry.io/proto/slim/otlp v1.9.0 h1:fPVMv8tP3TrsqlkH1HWYUpbCY9cAIemx184VGkS6vlE=
go.opentelemetry.io/proto/slim/otlp v1.9.0/go.mod h1:xXdeJJ90Gqyll+orzUkY4bOd2HECo5JofeoLpymVqdI=
go.opentelemetry.io/proto/slim/otlp/collector/profiles/v1development v0.2.0 h1:o13nadWDNkH/quoDomDUClnQBpdQQ2Qqv0lQBjIXjE8=
go.opentelemetry.io/proto/slim/otlp/collector/profiles/v1development v0.2.0/go.mod h1:Gyb6Xe7FTi/6xBHwMmngGoHqL0w29Y4eW8TGFzpefGA=
go.opentelemetry.io/proto/slim/otlp/profiles/v1development v0.2.0 h1:EiUYvtwu6PMrMHVjcPfnsG3v+ajPkbUeH+IL93+QYyk=
go.opentelemetry.io/proto/slim/otlp/profiles/v1development v0.2.0/go.mod h1:mUUHKFiN2SST3AhJ8XhJxEoeVW12oqfXog0Bo8W3Ec4=
go.uber.org/atomic v1.11.0 h1:ZvwS0R+56ePWxUNi+Atn9dWONBPp/AUETXlHW0DxSjE=
go.uber.org/atomic v1.11.0/go.mod h1:LUxbIzbOniOlMKjJjyPfpl4v+PKK2cNJn91OQbhoJI0=
go.uber.org/goleak v1.3.0 h1:2K3zAYmnTNqV73imy9J1T3WC+gmCePx2hEGkimedGto=
go.uber.org/goleak v1.3.0/go.mod h1:CoHD4mav9JJNrW/WLlf7HGZPjdw8EucARQHekz1X6bE=
go.uber.org/multierr v1.11.0 h1:blXXJkSxSSfBVBlC76pxqeO+LN3aDfLQo+309xJstO0=
go.uber.org/multierr v1.11.0/go.mod h1:20+QtiLqy0Nd6FdQB9TLXag12DsQkrbs3htMFfDN80Y=
go.uber.org/zap v1.27.1 h1:08RqriUEv8+ArZRYSTXy1LeBScaMpVSTBhCeaZYfMYc=
go.uber.org/zap v1.27.1/go.mod h1:GB2qFLM7cTU87MWRP2mPIjqfIDnGu+VIO4V/SdhGo2E=
golang.org/x/sys v0.14.0/go.mod h1:/VUhepiaJMQUp4+oa/7Zr1D23ma6VTLIYjOOTFZPUcA=
golang.org/x/sys v0.15.0/go.mod h1:/VUhepiaJMQUp4+oa/7Zr1D23ma6VTLIYjOOTFZPUcA=
golang.org/x/sys v0.21.0/go.mod h1:/VUhepiaJMQUp4+oa/7Zr1D23ma6VTLIYjOOTFZPUcA=
golang.org/x/sys v0.37.0 h1:fdNQudmxPjkdUTPnLn5mdQv7Zwvbvpaxqs831goi9kQ=
golang.org/x/sys v0.37.0/go.mod h1:OgkHotnGiDImocRcuBABYBEXf8A9a87e/uXjp9XT3ks=
google.golang.org/protobuf v1.36.10 h1:AYd7cD/uASjIL6Q9LiTjz8JLcrh/88q5UObnmY3aOOE=
google.golang.org/protobuf v1.36.10/go.mod h1:HTf+CrKn2C3g5S8VImy6tdcUvCska2kB7j23XfzDpco=
gopkg.in/check.v1 v0.0.0-20161208181325-20d25e280405/go.mod h1:Co6ibVJAznAaIkqp8huTwlJQCZ016jof/cbN4VW5Yz0=
gopkg.in/check.v1 v1.0.0-20201130134442-10cb98267c6c h1:Hei/4ADfdWqJk1ZMxUNpqntNwaWcugrBjAiHlqqRiVk=
gopkg.in/check.v1 v1.0.0-20201130134442-10cb98267c6c/go.mod h1:JHkPIbrfpd72SG/EVd6muEfDQjcINNoR0C8j2r3qZ4Q=
gopkg.in/yaml.v2 v2.4.0 h1:D8xgwECY7CYvx+Y2n4sBz93Jn9JRvxdiyyo8CTfuKaY=
gopkg.in/yaml.v2 v2.4.0/go.mod h1:RDklbk79AGWmwhnvt/jBztapEOGDOx6ZbXqjP6csGnQ=
gopkg.in/yaml.v3 v3.0.0-20200313102051-9f266ea9e77c/go.mod h1:K4uyk7z7BCEPqu6E+C64Yfv1cQ7kz7rIZviUmN+EgEM=
gopkg.in/yaml.v3 v3.0.1 h1:fxVm/GzAzEWqLHuvctI91KS9hhNmmWOoWu0XTYJS7CA=
gopkg.in/yaml.v3 v3.0.1/go.mod h1:K4uyk7z7BCEPqu6E+C64Yfv1cQ7kz7rIZviUmN+EgEM=
